
Microsoft Visual Studio Solution File, Format Version 12.00
# Visual Studio Version 17
VisualStudioVersion = 17.13.35828.75 d17.13
MinimumVisualStudioVersion = 10.0.40219.1
Project("{FAE04EC0-301F-11D3-BF4B-00C04F79EFBC}") = "task_manager", "task_manager\task_manager.csproj", "{DCBFAB8A-AA17-4ED2-8DBD-F8418CE86F78}"
EndProject
Global
	GlobalSection(SolutionConfigurationPlatforms) = preSolution
		Debug|Any CPU = Debug|Any CPU
		Release|Any CPU = Release|Any CPU
	EndGlobalSection
	GlobalSection(ProjectConfigurationPlatforms) = postSolution
		{DCBFAB8A-AA17-4ED2-8DBD-F8418CE86F78}.Debug|Any CPU.ActiveCfg = Debug|Any CPU
		{DCBFAB8A-AA17-4ED2-8DBD-F8418CE86F78}.Debug|Any CPU.Build.0 = Debug|Any CPU
		{DCBFAB8A-AA17-4ED2-8DBD-F8418CE86F78}.Release|Any CPU.ActiveCfg = Release|Any CPU
		{DCBFAB8A-AA17-4ED2-8DBD-F8418CE86F78}.Release|Any CPU.Build.0 = Release|Any CPU
	EndGlobalSection
	GlobalSection(SolutionProperties) = preSolution
		HideSolutionNode = FALSE
	EndGlobalSection
	GlobalSection(ExtensibilityGlobals) = postSolution
		SolutionGuid = {B0866C36-F88C-424B-8A90-104DABF74CAE}
	EndGlobalSection
EndGlobal
